
Microsoft Visual Studio Solution File, Format Version 12.00
# Visual Studio 15
VisualStudioVersion = 15.0.27428.2037
MinimumVisualStudioVersion = 10.0.40219.1
Project("{FAE04EC0-301F-11D3-BF4B-00C04F79EFBC}") = "bbs.AppTemplate.Android", "bbs.AppTemplate\bbs.AppTemplate.Android\bbs.AppTemplate.Android.csproj", "{B11F4713-CDEE-4175-8EB4-C6FD3458463F}"
EndProject
Project("{FAE04EC0-301F-11D3-BF4B-00C04F79EFBC}") = "bbs.AppTemplate.iOS", "bbs.AppTemplate\bbs.AppTemplate.iOS\bbs.AppTemplate.iOS.csproj", "{C6407A84-6CF8-46EE-8E30-5DBF5B97F5FB}"
EndProject
Project("{FAE04EC0-301F-11D3-BF4B-00C04F79EFBC}") = "bbs.AppTemplate.UWP", "bbs.AppTemplate\bbs.AppTemplate.UWP\bbs.AppTemplate.UWP.csproj", "{A0C8920D-B209-4A0B-AA3D-2226D1A42261}"
EndProject
Project("{9A19103F-16F7-4668-BE54-9A1E7A4F7556}") = "bbs.AppTemplate", "bbs.AppTemplate\bbs.AppTemplate\bbs.AppTemplate.csproj", "{BF644D3E-7509-442C-8F60-5BE3564D2CCD}"
EndProject
Project("{FAE04EC0-301F-11D3-BF4B-00C04F79EFBC}") = "bbs.AppTemplate.Resources", "bbs.AppTemplate.Resources\bbs.AppTemplate.Resources.csproj", "{89F75E63-7905-4AF2-85B4-4287B060F483}"
EndProject
Global
	GlobalSection(SolutionConfigurationPlatforms) = preSolution
		Ad-Hoc|Any CPU = Ad-Hoc|Any CPU
		Ad-Hoc|ARM = Ad-Hoc|ARM
		Ad-Hoc|iPhone = Ad-Hoc|iPhone
		Ad-Hoc|iPhoneSimulator = Ad-Hoc|iPhoneSimulator
		Ad-Hoc|x64 = Ad-Hoc|x64
		Ad-Hoc|x86 = Ad-Hoc|x86
		AppStore|Any CPU = AppStore|Any CPU
		AppStore|ARM = AppStore|ARM
		AppStore|iPhone = AppStore|iPhone
		AppStore|iPhoneSimulator = AppStore|iPhoneSimulator
		AppStore|x64 = AppStore|x64
		AppStore|x86 = AppStore|x86
		Debug|Any CPU = Debug|Any CPU
		Debug|ARM = Debug|ARM
		Debug|iPhone = Debug|iPhone
		Debug|iPhoneSimulator = Debug|iPhoneSimulator
		Debug|x64 = Debug|x64
		Debug|x86 = Debug|x86
		Release|Any CPU = Release|Any CPU
		Release|ARM = Release|ARM
		Release|iPhone = Release|iPhone
		Release|iPhoneSimulator = Release|iPhoneSimulator
		Release|x64 = Release|x64
		Release|x86 = Release|x86
	EndGlobalSection
	GlobalSection(ProjectConfigurationPlatforms) = postSolution
		{B11F4713-CDEE-4175-8EB4-C6FD3458463F}.Ad-Hoc|Any CPU.ActiveCfg = Release|Any CPU
		{B11F4713-CDEE-4175-8EB4-C6FD3458463F}.Ad-Hoc|Any CPU.Build.0 = Release|Any CPU
		{B11F4713-CDEE-4175-8EB4-C6FD3458463F}.Ad-Hoc|Any CPU.Deploy.0 = Release|Any CPU
		{B11F4713-CDEE-4175-8EB4-C6FD3458463F}.Ad-Hoc|ARM.ActiveCfg = Release|Any CPU
		{B11F4713-CDEE-4175-8EB4-C6FD3458463F}.Ad-Hoc|ARM.Build.0 = Release|Any CPU
		{B11F4713-CDEE-4175-8EB4-C6FD3458463F}.Ad-Hoc|ARM.Deploy.0 = Release|Any CPU
		{B11F4713-CDEE-4175-8EB4-C6FD3458463F}.Ad-Hoc|iPhone.ActiveCfg = Release|Any CPU
		{B11F4713-CDEE-4175-8EB4-C6FD3458463F}.Ad-Hoc|iPhone.Build.0 = Release|Any CPU
		{B11F4713-CDEE-4175-8EB4-C6FD3458463F}.Ad-Hoc|iPhone.Deploy.0 = Release|Any CPU
		{B11F4713-CDEE-4175-8EB4-C6FD3458463F}.Ad-Hoc|iPhoneSimulator.ActiveCfg = Release|Any CPU
		{B11F4713-CDEE-4175-8EB4-C6FD3458463F}.Ad-Hoc|iPhoneSimulator.Build.0 = Release|Any CPU
		{B11F4713-CDEE-4175-8EB4-C6FD3458463F}.Ad-Hoc|iPhoneSimulator.Deploy.0 = Release|Any CPU
		{B11F4713-CDEE-4175-8EB4-C6FD3458463F}.Ad-Hoc|x64.ActiveCfg = Release|Any CPU
		{B11F4713-CDEE-4175-8EB4-C6FD3458463F}.Ad-Hoc|x64.Build.0 = Release|Any CPU
		{B11F4713-CDEE-4175-8EB4-C6FD3458463F}.Ad-Hoc|x64.Deploy.0 = Release|Any CPU
		{B11F4713-CDEE-4175-8EB4-C6FD3458463F}.Ad-Hoc|x86.ActiveCfg = Release|Any CPU
		{B11F4713-CDEE-4175-8EB4-C6FD3458463F}.Ad-Hoc|x86.Build.0 = Release|Any CPU
		{B11F4713-CDEE-4175-8EB4-C6FD3458463F}.Ad-Hoc|x86.Deploy.0 = Release|Any CPU
		{B11F4713-CDEE-4175-8EB4-C6FD3458463F}.AppStore|Any CPU.ActiveCfg = Release|Any CPU
		{B11F4713-CDEE-4175-8EB4-C6FD3458463F}.AppStore|Any CPU.Build.0 = Release|Any CPU
		{B11F4713-CDEE-4175-8EB4-C6FD3458463F}.AppStore|Any CPU.Deploy.0 = Release|Any CPU
		{B11F4713-CDEE-4175-8EB4-C6FD3458463F}.AppStore|ARM.ActiveCfg = Release|Any CPU
		{B11F4713-CDEE-4175-8EB4-C6FD3458463F}.AppStore|ARM.Build.0 = Release|Any CPU
		{B11F4713-CDEE-4175-8EB4-C6FD3458463F}.AppStore|ARM.Deploy.0 = Release|Any CPU
		{B11F4713-CDEE-4175-8EB4-C6FD3458463F}.AppStore|iPhone.ActiveCfg = Release|Any CPU
		{B11F4713-CDEE-4175-8EB4-C6FD3458463F}.AppStore|iPhone.Build.0 = Release|Any CPU
		{B11F4713-CDEE-4175-8EB4-C6FD3458463F}.AppStore|iPhone.Deploy.0 = Release|Any CPU
		{B11F4713-CDEE-4175-8EB4-C6FD3458463F}.AppStore|iPhoneSimulator.ActiveCfg = Release|Any CPU
		{B11F4713-CDEE-4175-8EB4-C6FD3458463F}.AppStore|iPhoneSimulator.Build.0 = Release|Any CPU
		{B11F4713-CDEE-4175-8EB4-C6FD3458463F}.AppStore|iPhoneSimulator.Deploy.0 = Release|Any CPU
		{B11F4713-CDEE-4175-8EB4-C6FD3458463F}.AppStore|x64.ActiveCfg = Release|Any CPU
		{B11F4713-CDEE-4175-8EB4-C6FD3458463F}.AppStore|x64.Build.0 = Release|Any CPU
		{B11F4713-CDEE-4175-8EB4-C6FD3458463F}.AppStore|x64.Deploy.0 = Release|Any CPU
		{B11F4713-CDEE-4175-8EB4-C6FD3458463F}.AppStore|x86.ActiveCfg = Release|Any CPU
		{B11F4713-CDEE-4175-8EB4-C6FD3458463F}.AppStore|x86.Build.0 = Release|Any CPU
		{B11F4713-CDEE-4175-8EB4-C6FD3458463F}.AppStore|x86.Deploy.0 = Release|Any CPU
		{B11F4713-CDEE-4175-8EB4-C6FD3458463F}.Debug|Any CPU.ActiveCfg = Debug|Any CPU
		{B11F4713-CDEE-4175-8EB4-C6FD3458463F}.Debug|Any CPU.Build.0 = Debug|Any CPU
		{B11F4713-CDEE-4175-8EB4-C6FD3458463F}.Debug|Any CPU.Deploy.0 = Debug|Any CPU
		{B11F4713-CDEE-4175-8EB4-C6FD3458463F}.Debug|ARM.ActiveCfg = Debug|Any CPU
		{B11F4713-CDEE-4175-8EB4-C6FD3458463F}.Debug|ARM.Build.0 = Debug|Any CPU
		{B11F4713-CDEE-4175-8EB4-C6FD3458463F}.Debug|ARM.Deploy.0 = Debug|Any CPU
		{B11F4713-CDEE-4175-8EB4-C6FD3458463F}.Debug|iPhone.ActiveCfg = Debug|Any CPU
		{B11F4713-CDEE-4175-8EB4-C6FD3458463F}.Debug|iPhone.Build.0 = Debug|Any CPU
		{B11F4713-CDEE-4175-8EB4-C6FD3458463F}.Debug|iPhone.Deploy.0 = Debug|Any CPU
		{B11F4713-CDEE-4175-8EB4-C6FD3458463F}.Debug|iPhoneSimulator.ActiveCfg = Debug|Any CPU
		{B11F4713-CDEE-4175-8EB4-C6FD3458463F}.Debug|iPhoneSimulator.Build.0 = Debug|Any CPU
		{B11F4713-CDEE-4175-8EB4-C6FD3458463F}.Debug|iPhoneSimulator.Deploy.0 = Debug|Any CPU
		{B11F4713-CDEE-4175-8EB4-C6FD3458463F}.Debug|x64.ActiveCfg = Debug|Any CPU
		{B11F4713-CDEE-4175-8EB4-C6FD3458463F}.Debug|x64.Build.0 = Debug|Any CPU
		{B11F4713-CDEE-4175-8EB4-C6FD3458463F}.Debug|x64.Deploy.0 = Debug|Any CPU
		{B11F4713-CDEE-4175-8EB4-C6FD3458463F}.Debug|x86.ActiveCfg = Debug|Any CPU
		{B11F4713-CDEE-4175-8EB4-C6FD3458463F}.Debug|x86.Build.0 = Debug|Any CPU
		{B11F4713-CDEE-4175-8EB4-C6FD3458463F}.Debug|x86.Deploy.0 = Debug|Any CPU
		{B11F4713-CDEE-4175-8EB4-C6FD3458463F}.Release|Any CPU.ActiveCfg = Release|Any CPU
		{B11F4713-CDEE-4175-8EB4-C6FD3458463F}.Release|Any CPU.Build.0 = Release|Any CPU
		{B11F4713-CDEE-4175-8EB4-C6FD3458463F}.Release|Any CPU.Deploy.0 = Release|Any CPU
		{B11F4713-CDEE-4175-8EB4-C6FD3458463F}.Release|ARM.ActiveCfg = Release|Any CPU
		{B11F4713-CDEE-4175-8EB4-C6FD3458463F}.Release|ARM.Build.0 = Release|Any CPU
		{B11F4713-CDEE-4175-8EB4-C6FD3458463F}.Release|ARM.Deploy.0 = Release|Any CPU
		{B11F4713-CDEE-4175-8EB4-C6FD3458463F}.Release|iPhone.ActiveCfg = Release|Any CPU
		{B11F4713-CDEE-4175-8EB4-C6FD3458463F}.Release|iPhone.Build.0 = Release|Any CPU
		{B11F4713-CDEE-4175-8EB4-C6FD3458463F}.Release|iPhone.Deploy.0 = Release|Any CPU
		{B11F4713-CDEE-4175-8EB4-C6FD3458463F}.Release|iPhoneSimulator.ActiveCfg = Release|Any CPU
		{B11F4713-CDEE-4175-8EB4-C6FD3458463F}.Release|iPhoneSimulator.Build.0 = Release|Any CPU
		{B11F4713-CDEE-4175-8EB4-C6FD3458463F}.Release|iPhoneSimulator.Deploy.0 = Release|Any CPU
		{B11F4713-CDEE-4175-8EB4-C6FD3458463F}.Release|x64.ActiveCfg = Release|Any CPU
		{B11F4713-CDEE-4175-8EB4-C6FD3458463F}.Release|x64.Build.0 = Release|Any CPU
		{B11F4713-CDEE-4175-8EB4-C6FD3458463F}.Release|x64.Deploy.0 = Release|Any CPU
		{B11F4713-CDEE-4175-8EB4-C6FD3458463F}.Release|x86.ActiveCfg = Release|Any CPU
		{B11F4713-CDEE-4175-8EB4-C6FD3458463F}.Release|x86.Build.0 = Release|Any CPU
		{B11F4713-CDEE-4175-8EB4-C6FD3458463F}.Release|x86.Deploy.0 = Release|Any CPU
		{C6407A84-6CF8-46EE-8E30-5DBF5B97F5FB}.Ad-Hoc|Any CPU.ActiveCfg = Ad-Hoc|iPhone
		{C6407A84-6CF8-46EE-8E30-5DBF5B97F5FB}.Ad-Hoc|ARM.ActiveCfg = Ad-Hoc|iPhone
		{C6407A84-6CF8-46EE-8E30-5DBF5B97F5FB}.Ad-Hoc|iPhone.ActiveCfg = Ad-Hoc|iPhone
		{C6407A84-6CF8-46EE-8E30-5DBF5B97F5FB}.Ad-Hoc|iPhone.Build.0 = Ad-Hoc|iPhone
		{C6407A84-6CF8-46EE-8E30-5DBF5B97F5FB}.Ad-Hoc|iPhoneSimulator.ActiveCfg = Ad-Hoc|iPhoneSimulator
		{C6407A84-6CF8-46EE-8E30-5DBF5B97F5FB}.Ad-Hoc|iPhoneSimulator.Build.0 = Ad-Hoc|iPhoneSimulator
		{C6407A84-6CF8-46EE-8E30-5DBF5B97F5FB}.Ad-Hoc|x64.ActiveCfg = Ad-Hoc|iPhone
		{C6407A84-6CF8-46EE-8E30-5DBF5B97F5FB}.Ad-Hoc|x86.ActiveCfg = Ad-Hoc|iPhone
		{C6407A84-6CF8-46EE-8E30-5DBF5B97F5FB}.AppStore|Any CPU.ActiveCfg = AppStore|iPhone
		{C6407A84-6CF8-46EE-8E30-5DBF5B97F5FB}.AppStore|ARM.ActiveCfg = AppStore|iPhone
		{C6407A84-6CF8-46EE-8E30-5DBF5B97F5FB}.AppStore|iPhone.ActiveCfg = AppStore|iPhone
		{C6407A84-6CF8-46EE-8E30-5DBF5B97F5FB}.AppStore|iPhone.Build.0 = AppStore|iPhone
		{C6407A84-6CF8-46EE-8E30-5DBF5B97F5FB}.AppStore|iPhoneSimulator.ActiveCfg = AppStore|iPhoneSimulator
		{C6407A84-6CF8-46EE-8E30-5DBF5B97F5FB}.AppStore|iPhoneSimulator.Build.0 = AppStore|iPhoneSimulator
		{C6407A84-6CF8-46EE-8E30-5DBF5B97F5FB}.AppStore|x64.ActiveCfg = AppStore|iPhone
		{C6407A84-6CF8-46EE-8E30-5DBF5B97F5FB}.AppStore|x86.ActiveCfg = AppStore|iPhone
		{C6407A84-6CF8-46EE-8E30-5DBF5B97F5FB}.Debug|Any CPU.ActiveCfg = Debug|iPhone
		{C6407A84-6CF8-46EE-8E30-5DBF5B97F5FB}.Debug|ARM.ActiveCfg = Debug|iPhone
		{C6407A84-6CF8-46EE-8E30-5DBF5B97F5FB}.Debug|iPhone.ActiveCfg = Debug|iPhone
		{C6407A84-6CF8-46EE-8E30-5DBF5B97F5FB}.Debug|iPhone.Build.0 = Debug|iPhone
		{C6407A84-6CF8-46EE-8E30-5DBF5B97F5FB}.Debug|iPhoneSimulator.ActiveCfg = Debug|iPhoneSimulator
		{C6407A84-6CF8-46EE-8E30-5DBF5B97F5FB}.Debug|iPhoneSimulator.Build.0 = Debug|iPhoneSimulator
		{C6407A84-6CF8-46EE-8E30-5DBF5B97F5FB}.Debug|x64.ActiveCfg = Debug|iPhone
		{C6407A84-6CF8-46EE-8E30-5DBF5B97F5FB}.Debug|x86.ActiveCfg = Debug|iPhone
		{C6407A84-6CF8-46EE-8E30-5DBF5B97F5FB}.Release|Any CPU.ActiveCfg = Release|iPhone
		{C6407A84-6CF8-46EE-8E30-5DBF5B97F5FB}.Release|ARM.ActiveCfg = Release|iPhone
		{C6407A84-6CF8-46EE-8E30-5DBF5B97F5FB}.Release|iPhone.ActiveCfg = Release|iPhone
		{C6407A84-6CF8-46EE-8E30-5DBF5B97F5FB}.Release|iPhone.Build.0 = Release|iPhone
		{C6407A84-6CF8-46EE-8E30-5DBF5B97F5FB}.Release|iPhoneSimulator.ActiveCfg = Release|iPhoneSimulator
		{C6407A84-6CF8-46EE-8E30-5DBF5B97F5FB}.Release|iPhoneSimulator.Build.0 = Release|iPhoneSimulator
		{C6407A84-6CF8-46EE-8E30-5DBF5B97F5FB}.Release|x64.ActiveCfg = Release|iPhone
		{C6407A84-6CF8-46EE-8E30-5DBF5B97F5FB}.Release|x86.ActiveCfg = Release|iPhone
		{A0C8920D-B209-4A0B-AA3D-2226D1A42261}.Ad-Hoc|Any CPU.ActiveCfg = Release|x86
		{A0C8920D-B209-4A0B-AA3D-2226D1A42261}.Ad-Hoc|Any CPU.Build.0 = Release|x86
		{A0C8920D-B209-4A0B-AA3D-2226D1A42261}.Ad-Hoc|Any CPU.Deploy.0 = Release|x86
		{A0C8920D-B209-4A0B-AA3D-2226D1A42261}.Ad-Hoc|ARM.ActiveCfg = Release|ARM
		{A0C8920D-B209-4A0B-AA3D-2226D1A42261}.Ad-Hoc|ARM.Build.0 = Release|ARM
		{A0C8920D-B209-4A0B-AA3D-2226D1A42261}.Ad-Hoc|ARM.Deploy.0 = Release|ARM
		{A0C8920D-B209-4A0B-AA3D-2226D1A42261}.Ad-Hoc|iPhone.ActiveCfg = Release|x86
		{A0C8920D-B209-4A0B-AA3D-2226D1A42261}.Ad-Hoc|iPhone.Build.0 = Release|x86
		{A0C8920D-B209-4A0B-AA3D-2226D1A42261}.Ad-Hoc|iPhone.Deploy.0 = Release|x86
		{A0C8920D-B209-4A0B-AA3D-2226D1A42261}.Ad-Hoc|iPhoneSimulator.ActiveCfg = Release|x86
		{A0C8920D-B209-4A0B-AA3D-2226D1A42261}.Ad-Hoc|iPhoneSimulator.Build.0 = Release|x86
		{A0C8920D-B209-4A0B-AA3D-2226D1A42261}.Ad-Hoc|iPhoneSimulator.Deploy.0 = Release|x86
		{A0C8920D-B209-4A0B-AA3D-2226D1A42261}.Ad-Hoc|x64.ActiveCfg = Release|x64
		{A0C8920D-B209-4A0B-AA3D-2226D1A42261}.Ad-Hoc|x64.Build.0 = Release|x64
		{A0C8920D-B209-4A0B-AA3D-2226D1A42261}.Ad-Hoc|x64.Deploy.0 = Release|x64
		{A0C8920D-B209-4A0B-AA3D-2226D1A42261}.Ad-Hoc|x86.ActiveCfg = Release|x86
		{A0C8920D-B209-4A0B-AA3D-2226D1A42261}.Ad-Hoc|x86.Build.0 = Release|x86
		{A0C8920D-B209-4A0B-AA3D-2226D1A42261}.Ad-Hoc|x86.Deploy.0 = Release|x86
		{A0C8920D-B209-4A0B-AA3D-2226D1A42261}.AppStore|Any CPU.ActiveCfg = Release|x86
		{A0C8920D-B209-4A0B-AA3D-2226D1A42261}.AppStore|Any CPU.Build.0 = Release|x86
		{A0C8920D-B209-4A0B-AA3D-2226D1A42261}.AppStore|Any CPU.Deploy.0 = Release|x86
		{A0C8920D-B209-4A0B-AA3D-2226D1A42261}.AppStore|ARM.ActiveCfg = Release|ARM
		{A0C8920D-B209-4A0B-AA3D-2226D1A42261}.AppStore|ARM.Build.0 = Release|ARM
		{A0C8920D-B209-4A0B-AA3D-2226D1A42261}.AppStore|ARM.Deploy.0 = Release|ARM
		{A0C8920D-B209-4A0B-AA3D-2226D1A42261}.AppStore|iPhone.ActiveCfg = Release|x86
		{A0C8920D-B209-4A0B-AA3D-2226D1A42261}.AppStore|iPhone.Build.0 = Release|x86
		{A0C8920D-B209-4A0B-AA3D-2226D1A42261}.AppStore|iPhone.Deploy.0 = Release|x86
		{A0C8920D-B209-4A0B-AA3D-2226D1A42261}.AppStore|iPhoneSimulator.ActiveCfg = Release|x86
		{A0C8920D-B209-4A0B-AA3D-2226D1A42261}.AppStore|iPhoneSimulator.Build.0 = Release|x86
		{A0C8920D-B209-4A0B-AA3D-2226D1A42261}.AppStore|iPhoneSimulator.Deploy.0 = Release|x86
		{A0C8920D-B209-4A0B-AA3D-2226D1A42261}.AppStore|x64.ActiveCfg = Release|x64
		{A0C8920D-B209-4A0B-AA3D-2226D1A42261}.AppStore|x64.Build.0 = Release|x64
		{A0C8920D-B209-4A0B-AA3D-2226D1A42261}.AppStore|x64.Deploy.0 = Release|x64
		{A0C8920D-B209-4A0B-AA3D-2226D1A42261}.AppStore|x86.ActiveCfg = Release|x86
		{A0C8920D-B209-4A0B-AA3D-2226D1A42261}.AppStore|x86.Build.0 = Release|x86
		{A0C8920D-B209-4A0B-AA3D-2226D1A42261}.AppStore|x86.Deploy.0 = Release|x86
		{A0C8920D-B209-4A0B-AA3D-2226D1A42261}.Debug|Any CPU.ActiveCfg = Debug|x86
		{A0C8920D-B209-4A0B-AA3D-2226D1A42261}.Debug|ARM.ActiveCfg = Debug|ARM
		{A0C8920D-B209-4A0B-AA3D-2226D1A42261}.Debug|ARM.Build.0 = Debug|ARM
		{A0C8920D-B209-4A0B-AA3D-2226D1A42261}.Debug|ARM.Deploy.0 = Debug|ARM
		{A0C8920D-B209-4A0B-AA3D-2226D1A42261}.Debug|iPhone.ActiveCfg = Debug|x86
		{A0C8920D-B209-4A0B-AA3D-2226D1A42261}.Debug|iPhoneSimulator.ActiveCfg = Debug|x86
		{A0C8920D-B209-4A0B-AA3D-2226D1A42261}.Debug|x64.ActiveCfg = Debug|x64
		{A0C8920D-B209-4A0B-AA3D-2226D1A42261}.Debug|x64.Build.0 = Debug|x64
		{A0C8920D-B209-4A0B-AA3D-2226D1A42261}.Debug|x64.Deploy.0 = Debug|x64
		{A0C8920D-B209-4A0B-AA3D-2226D1A42261}.Debug|x86.ActiveCfg = Debug|x86
		{A0C8920D-B209-4A0B-AA3D-2226D1A42261}.Debug|x86.Build.0 = Debug|x86
		{A0C8920D-B209-4A0B-AA3D-2226D1A42261}.Debug|x86.Deploy.0 = Debug|x86
		{A0C8920D-B209-4A0B-AA3D-2226D1A42261}.Release|Any CPU.ActiveCfg = Release|x86
		{A0C8920D-B209-4A0B-AA3D-2226D1A42261}.Release|ARM.ActiveCfg = Release|ARM
		{A0C8920D-B209-4A0B-AA3D-2226D1A42261}.Release|ARM.Build.0 = Release|ARM
		{A0C8920D-B209-4A0B-AA3D-2226D1A42261}.Release|ARM.Deploy.0 = Release|ARM
		{A0C8920D-B209-4A0B-AA3D-2226D1A42261}.Release|iPhone.ActiveCfg = Release|x86
		{A0C8920D-B209-4A0B-AA3D-2226D1A42261}.Release|iPhoneSimulator.ActiveCfg = Release|x86
		{A0C8920D-B209-4A0B-AA3D-2226D1A42261}.Release|x64.ActiveCfg = Release|x64
		{A0C8920D-B209-4A0B-AA3D-2226D1A42261}.Release|x64.Build.0 = Release|x64
		{A0C8920D-B209-4A0B-AA3D-2226D1A42261}.Release|x64.Deploy.0 = Release|x64
		{A0C8920D-B209-4A0B-AA3D-2226D1A42261}.Release|x86.ActiveCfg = Release|x86
		{A0C8920D-B209-4A0B-AA3D-2226D1A42261}.Release|x86.Build.0 = Release|x86
		{A0C8920D-B209-4A0B-AA3D-2226D1A42261}.Release|x86.Deploy.0 = Release|x86
		{BF644D3E-7509-442C-8F60-5BE3564D2CCD}.Ad-Hoc|Any CPU.ActiveCfg = Debug|Any CPU
		{BF644D3E-7509-442C-8F60-5BE3564D2CCD}.Ad-Hoc|Any CPU.Build.0 = Debug|Any CPU
		{BF644D3E-7509-442C-8F60-5BE3564D2CCD}.Ad-Hoc|ARM.ActiveCfg = Debug|Any CPU
		{BF644D3E-7509-442C-8F60-5BE3564D2CCD}.Ad-Hoc|ARM.Build.0 = Debug|Any CPU
		{BF644D3E-7509-442C-8F60-5BE3564D2CCD}.Ad-Hoc|iPhone.ActiveCfg = Debug|Any CPU
		{BF644D3E-7509-442C-8F60-5BE3564D2CCD}.Ad-Hoc|iPhone.Build.0 = Debug|Any CPU
		{BF644D3E-7509-442C-8F60-5BE3564D2CCD}.Ad-Hoc|iPhoneSimulator.ActiveCfg = Debug|Any CPU
		{BF644D3E-7509-442C-8F60-5BE3564D2CCD}.Ad-Hoc|iPhoneSimulator.Build.0 = Debug|Any CPU
		{BF644D3E-7509-442C-8F60-5BE3564D2CCD}.Ad-Hoc|x64.ActiveCfg = Debug|Any CPU
		{BF644D3E-7509-442C-8F60-5BE3564D2CCD}.Ad-Hoc|x64.Build.0 = Debug|Any CPU
		{BF644D3E-7509-442C-8F60-5BE3564D2CCD}.Ad-Hoc|x86.ActiveCfg = Debug|Any CPU
		{BF644D3E-7509-442C-8F60-5BE3564D2CCD}.Ad-Hoc|x86.Build.0 = Debug|Any CPU
		{BF644D3E-7509-442C-8F60-5BE3564D2CCD}.AppStore|Any CPU.ActiveCfg = Debug|Any CPU
		{BF644D3E-7509-442C-8F60-5BE3564D2CCD}.AppStore|Any CPU.Build.0 = Debug|Any CPU
		{BF644D3E-7509-442C-8F60-5BE3564D2CCD}.AppStore|ARM.ActiveCfg = Debug|Any CPU
		{BF644D3E-7509-442C-8F60-5BE3564D2CCD}.AppStore|ARM.Build.0 = Debug|Any CPU
		{BF644D3E-7509-442C-8F60-5BE3564D2CCD}.AppStore|iPhone.ActiveCfg = Debug|Any CPU
		{BF644D3E-7509-442C-8F60-5BE3564D2CCD}.AppStore|iPhone.Build.0 = Debug|Any CPU
		{BF644D3E-7509-442C-8F60-5BE3564D2CCD}.AppStore|iPhoneSimulator.ActiveCfg = Debug|Any CPU
		{BF644D3E-7509-442C-8F60-5BE3564D2CCD}.AppStore|iPhoneSimulator.Build.0 = Debug|Any CPU
		{BF644D3E-7509-442C-8F60-5BE3564D2CCD}.AppStore|x64.ActiveCfg = Debug|Any CPU
		{BF644D3E-7509-442C-8F60-5BE3564D2CCD}.AppStore|x64.Build.0 = Debug|Any CPU
		{BF644D3E-7509-442C-8F60-5BE3564D2CCD}.AppStore|x86.ActiveCfg = Debug|Any CPU
		{BF644D3E-7509-442C-8F60-5BE3564D2CCD}.AppStore|x86.Build.0 = Debug|Any CPU
		{BF644D3E-7509-442C-8F60-5BE3564D2CCD}.Debug|Any CPU.ActiveCfg = Debug|Any CPU
		{BF644D3E-7509-442C-8F60-5BE3564D2CCD}.Debug|Any CPU.Build.0 = Debug|Any CPU
		{BF644D3E-7509-442C-8F60-5BE3564D2CCD}.Debug|ARM.ActiveCfg = Debug|Any CPU
		{BF644D3E-7509-442C-8F60-5BE3564D2CCD}.Debug|ARM.Build.0 = Debug|Any CPU
		{BF644D3E-7509-442C-8F60-5BE3564D2CCD}.Debug|iPhone.ActiveCfg = Debug|Any CPU
		{BF644D3E-7509-442C-8F60-5BE3564D2CCD}.Debug|iPhone.Build.0 = Debug|Any CPU
		{BF644D3E-7509-442C-8F60-5BE3564D2CCD}.Debug|iPhoneSimulator.ActiveCfg = Debug|Any CPU
		{BF644D3E-7509-442C-8F60-5BE3564D2CCD}.Debug|iPhoneSimulator.Build.0 = Debug|Any CPU
		{BF644D3E-7509-442C-8F60-5BE3564D2CCD}.Debug|x64.ActiveCfg = Debug|Any CPU
		{BF644D3E-7509-442C-8F60-5BE3564D2CCD}.Debug|x64.Build.0 = Debug|Any CPU
		{BF644D3E-7509-442C-8F60-5BE3564D2CCD}.Debug|x86.ActiveCfg = Debug|Any CPU
		{BF644D3E-7509-442C-8F60-5BE3564D2CCD}.Debug|x86.Build.0 = Debug|Any CPU
		{BF644D3E-7509-442C-8F60-5BE3564D2CCD}.Release|Any CPU.ActiveCfg = Release|Any CPU
		{BF644D3E-7509-442C-8F60-5BE3564D2CCD}.Release|Any CPU.Build.0 = Release|Any CPU
		{BF644D3E-7509-442C-8F60-5BE3564D2CCD}.Release|ARM.ActiveCfg = Release|Any CPU
		{BF644D3E-7509-442C-8F60-5BE3564D2CCD}.Release|ARM.Build.0 = Release|Any CPU
		{BF644D3E-7509-442C-8F60-5BE3564D2CCD}.Release|iPhone.ActiveCfg = Release|Any CPU
		{BF644D3E-7509-442C-8F60-5BE3564D2CCD}.Release|iPhone.Build.0 = Release|Any CPU
		{BF644D3E-7509-442C-8F60-5BE3564D2CCD}.Release|iPhoneSimulator.ActiveCfg = Release|Any CPU
		{BF644D3E-7509-442C-8F60-5BE3564D2CCD}.Release|iPhoneSimulator.Build.0 = Release|Any CPU
		{BF644D3E-7509-442C-8F60-5BE3564D2CCD}.Release|x64.ActiveCfg = Release|Any CPU
		{BF644D3E-7509-442C-8F60-5BE3564D2CCD}.Release|x64.Build.0 = Release|Any CPU
		{BF644D3E-7509-442C-8F60-5BE3564D2CCD}.Release|x86.ActiveCfg = Release|Any CPU
		{BF644D3E-7509-442C-8F60-5BE3564D2CCD}.Release|x86.Build.0 = Release|Any CPU
		{89F75E63-7905-4AF2-85B4-4287B060F483}.Ad-Hoc|Any CPU.ActiveCfg = Debug|Any CPU
		{89F75E63-7905-4AF2-85B4-4287B060F483}.Ad-Hoc|Any CPU.Build.0 = Debug|Any CPU
		{89F75E63-7905-4AF2-85B4-4287B060F483}.Ad-Hoc|ARM.ActiveCfg = Debug|Any CPU
		{89F75E63-7905-4AF2-85B4-4287B060F483}.Ad-Hoc|ARM.Build.0 = Debug|Any CPU
		{89F75E63-7905-4AF2-85B4-4287B060F483}.Ad-Hoc|iPhone.ActiveCfg = Debug|Any CPU
		{89F75E63-7905-4AF2-85B4-4287B060F483}.Ad-Hoc|iPhone.Build.0 = Debug|Any CPU
		{89F75E63-7905-4AF2-85B4-4287B060F483}.Ad-Hoc|iPhoneSimulator.ActiveCfg = Debug|Any CPU
		{89F75E63-7905-4AF2-85B4-4287B060F483}.Ad-Hoc|iPhoneSimulator.Build.0 = Debug|Any CPU
		{89F75E63-7905-4AF2-85B4-4287B060F483}.Ad-Hoc|x64.ActiveCfg = Debug|Any CPU
		{89F75E63-7905-4AF2-85B4-4287B060F483}.Ad-Hoc|x64.Build.0 = Debug|Any CPU
		{89F75E63-7905-4AF2-85B4-4287B060F483}.Ad-Hoc|x86.ActiveCfg = Debug|Any CPU
		{89F75E63-7905-4AF2-85B4-4287B060F483}.Ad-Hoc|x86.Build.0 = Debug|Any CPU
		{89F75E63-7905-4AF2-85B4-4287B060F483}.AppStore|Any CPU.ActiveCfg = Debug|Any CPU
		{89F75E63-7905-4AF2-85B4-4287B060F483}.AppStore|Any CPU.Build.0 = Debug|Any CPU
		{89F75E63-7905-4AF2-85B4-4287B060F483}.AppStore|ARM.ActiveCfg = Debug|Any CPU
		{89F75E63-7905-4AF2-85B4-4287B060F483}.AppStore|ARM.Build.0 = Debug|Any CPU
		{89F75E63-7905-4AF2-85B4-4287B060F483}.AppStore|iPhone.ActiveCfg = Debug|Any CPU
		{89F75E63-7905-4AF2-85B4-4287B060F483}.AppStore|iPhone.Build.0 = Debug|Any CPU
		{89F75E63-7905-4AF2-85B4-4287B060F483}.AppStore|iPhoneSimulator.ActiveCfg = Debug|Any CPU
		{89F75E63-7905-4AF2-85B4-4287B060F483}.AppStore|iPhoneSimulator.Build.0 = Debug|Any CPU
		{89F75E63-7905-4AF2-85B4-4287B060F483}.AppStore|x64.ActiveCfg = Debug|Any CPU
		{89F75E63-7905-4AF2-85B4-4287B060F483}.AppStore|x64.Build.0 = Debug|Any CPU
		{89F75E63-7905-4AF2-85B4-4287B060F483}.AppStore|x86.ActiveCfg = Debug|Any CPU
		{89F75E63-7905-4AF2-85B4-4287B060F483}.AppStore|x86.Build.0 = Debug|Any CPU
		{89F75E63-7905-4AF2-85B4-4287B060F483}.Debug|Any CPU.ActiveCfg = Debug|Any CPU
		{89F75E63-7905-4AF2-85B4-4287B060F483}.Debug|Any CPU.Build.0 = Debug|Any CPU
		{89F75E63-7905-4AF2-85B4-4287B060F483}.Debug|ARM.ActiveCfg = Debug|Any CPU
		{89F75E63-7905-4AF2-85B4-4287B060F483}.Debug|ARM.Build.0 = Debug|Any CPU
		{89F75E63-7905-4AF2-85B4-4287B060F483}.Debug|iPhone.ActiveCfg = Debug|Any CPU
		{89F75E63-7905-4AF2-85B4-4287B060F483}.Debug|iPhone.Build.0 = Debug|Any CPU
		{89F75E63-7905-4AF2-85B4-4287B060F483}.Debug|iPhoneSimulator.ActiveCfg = Debug|Any CPU
		{89F75E63-7905-4AF2-85B4-4287B060F483}.Debug|iPhoneSimulator.Build.0 = Debug|Any CPU
		{89F75E63-7905-4AF2-85B4-4287B060F483}.Debug|x64.ActiveCfg = Debug|Any CPU
		{89F75E63-7905-4AF2-85B4-4287B060F483}.Debug|x64.Build.0 = Debug|Any CPU
		{89F75E63-7905-4AF2-85B4-4287B060F483}.Debug|x86.ActiveCfg = Debug|Any CPU
		{89F75E63-7905-4AF2-85B4-4287B060F483}.Debug|x86.Build.0 = Debug|Any CPU
		{89F75E63-7905-4AF2-85B4-4287B060F483}.Release|Any CPU.ActiveCfg = Release|Any CPU
		{89F75E63-7905-4AF2-85B4-4287B060F483}.Release|Any CPU.Build.0 = Release|Any CPU
		{89F75E63-7905-4AF2-85B4-4287B060F483}.Release|ARM.ActiveCfg = Release|Any CPU
		{89F75E63-7905-4AF2-85B4-4287B060F483}.Release|ARM.Build.0 = Release|Any CPU
		{89F75E63-7905-4AF2-85B4-4287B060F483}.Release|iPhone.ActiveCfg = Release|Any CPU
		{89F75E63-7905-4AF2-85B4-4287B060F483}.Release|iPhone.Build.0 = Release|Any CPU
		{89F75E63-7905-4AF2-85B4-4287B060F483}.Release|iPhoneSimulator.ActiveCfg = Release|Any CPU
		{89F75E63-7905-4AF2-85B4-4287B060F483}.Release|iPhoneSimulator.Build.0 = Release|Any CPU
		{89F75E63-7905-4AF2-85B4-4287B060F483}.Release|x64.ActiveCfg = Release|Any CPU
		{89F75E63-7905-4AF2-85B4-4287B060F483}.Release|x64.Build.0 = Release|Any CPU
		{89F75E63-7905-4AF2-85B4-4287B060F483}.Release|x86.ActiveCfg = Release|Any CPU
		{89F75E63-7905-4AF2-85B4-4287B060F483}.Release|x86.Build.0 = Release|Any CPU
	EndGlobalSection
	GlobalSection(SolutionProperties) = preSolution
		HideSolutionNode = FALSE
	EndGlobalSection
	GlobalSection(ExtensibilityGlobals) = postSolution
		SolutionGuid = {CD7D650B-DB3C-4C84-AE7C-E7C8961C35EC}
	EndGlobalSection
EndGlobal
